
Microsoft Visual Studio Solution File, Format Version 12.00
# Visual Studio Version 17
VisualStudioVersion = 17.1.32328.378
MinimumVisualStudioVersion = 10.0.40219.1
Project("{9A19103F-16F7-4668-BE54-9A1E7A4F7556}") = "ETWAnalyzer", "ETWAnalyzer\ETWAnalyzer.csproj", "{B163151C-42DC-44DA-A153-FC833EE4C9E2}"
EndProject
Project("{9A19103F-16F7-4668-BE54-9A1E7A4F7556}") = "ETWAnalyzer_uTest", "ETWAnalyzer_uTest\ETWAnalyzer_uTest.csproj", "{025AC7F6-C444-403C-AC95-5B535CE1FBC5}"
EndProject
Project("{9A19103F-16F7-4668-BE54-9A1E7A4F7556}") = "ETWAnalyzer_iTest", "ETWAnalyzer_iTest\ETWAnalyzer_iTest.csproj", "{B7A9F2AB-BED5-4485-9C10-734A87A97080}"
EndProject
Project("{2150E333-8FDC-42A3-9474-1A3956D46DE8}") = "Solution Items", "Solution Items", "{A2D51C59-488A-4AB2-9FDD-A79640435528}"
	ProjectSection(SolutionItems) = preProject
		.editorconfig = .editorconfig
	EndProjectSection
EndProject
Global
	GlobalSection(SolutionConfigurationPlatforms) = preSolution
		Debug|Any CPU = Debug|Any CPU
		Debug|x64 = Debug|x64
		Release|Any CPU = Release|Any CPU
		Release|x64 = Release|x64
	EndGlobalSection
	GlobalSection(ProjectConfigurationPlatforms) = postSolution
		{B163151C-42DC-44DA-A153-FC833EE4C9E2}.Debug|Any CPU.ActiveCfg = Debug|Any CPU
		{B163151C-42DC-44DA-A153-FC833EE4C9E2}.Debug|Any CPU.Build.0 = Debug|Any CPU
		{B163151C-42DC-44DA-A153-FC833EE4C9E2}.Debug|x64.ActiveCfg = Debug|x64
		{B163151C-42DC-44DA-A153-FC833EE4C9E2}.Debug|x64.Build.0 = Debug|x64
		{B163151C-42DC-44DA-A153-FC833EE4C9E2}.Release|Any CPU.ActiveCfg = Release|Any CPU
		{B163151C-42DC-44DA-A153-FC833EE4C9E2}.Release|Any CPU.Build.0 = Release|Any CPU
		{B163151C-42DC-44DA-A153-FC833EE4C9E2}.Release|x64.ActiveCfg = Release|x64
		{B163151C-42DC-44DA-A153-FC833EE4C9E2}.Release|x64.Build.0 = Release|x64
		{025AC7F6-C444-403C-AC95-5B535CE1FBC5}.Debug|Any CPU.ActiveCfg = Debug|Any CPU
		{025AC7F6-C444-403C-AC95-5B535CE1FBC5}.Debug|Any CPU.Build.0 = Debug|Any CPU
		{025AC7F6-C444-403C-AC95-5B535CE1FBC5}.Debug|x64.ActiveCfg = Debug|x64
		{025AC7F6-C444-403C-AC95-5B535CE1FBC5}.Debug|x64.Build.0 = Debug|x64
		{025AC7F6-C444-403C-AC95-5B535CE1FBC5}.Release|Any CPU.ActiveCfg = Release|Any CPU
		{025AC7F6-C444-403C-AC95-5B535CE1FBC5}.Release|Any CPU.Build.0 = Release|Any CPU
		{025AC7F6-C444-403C-AC95-5B535CE1FBC5}.Release|x64.ActiveCfg = Release|x64
		{025AC7F6-C444-403C-AC95-5B535CE1FBC5}.Release|x64.Build.0 = Release|x64
		{B7A9F2AB-BED5-4485-9C10-734A87A97080}.Debug|Any CPU.ActiveCfg = Debug|Any CPU
		{B7A9F2AB-BED5-4485-9C10-734A87A97080}.Debug|Any CPU.Build.0 = Debug|Any CPU
		{B7A9F2AB-BED5-4485-9C10-734A87A97080}.Debug|x64.ActiveCfg = Debug|x64
		{B7A9F2AB-BED5-4485-9C10-734A87A97080}.Debug|x64.Build.0 = Debug|x64
		{B7A9F2AB-BED5-4485-9C10-734A87A97080}.Release|Any CPU.ActiveCfg = Release|Any CPU
		{B7A9F2AB-BED5-4485-9C10-734A87A97080}.Release|Any CPU.Build.0 = Release|Any CPU
		{B7A9F2AB-BED5-4485-9C10-734A87A97080}.Release|x64.ActiveCfg = Release|x64
		{B7A9F2AB-BED5-4485-9C10-734A87A97080}.Release|x64.Build.0 = Release|x64
	EndGlobalSection
	GlobalSection(SolutionProperties) = preSolution
		HideSolutionNode = FALSE
	EndGlobalSection
	GlobalSection(ExtensibilityGlobals) = postSolution
		SolutionGuid = {DB27C1C6-5F5D-4B7A-BCAE-C5D5799BABE8}
	EndGlobalSection
EndGlobal
