
Microsoft Visual Studio Solution File, Format Version 12.00
# Visual Studio Version 17
VisualStudioVersion = 17.13.35931.197
MinimumVisualStudioVersion = 10.0.40219.1
Project("{FAE04EC0-301F-11D3-BF4B-00C04F79EFBC}") = "ETWAnalyzerReaderTest", "ETWAnalyzerReaderTest.csproj", "{7C391663-8B57-45FE-9A75-9567D5CFB620}"
EndProject
Global
	GlobalSection(SolutionConfigurationPlatforms) = preSolution
		Debug|Any CPU = Debug|Any CPU
		Debug|x64 = Debug|x64
		Release|Any CPU = Release|Any CPU
		Release|x64 = Release|x64
	EndGlobalSection
	GlobalSection(ProjectConfigurationPlatforms) = postSolution
		{7C391663-8B57-45FE-9A75-9567D5CFB620}.Debug|Any CPU.ActiveCfg = Debug|Any CPU
		{7C391663-8B57-45FE-9A75-9567D5CFB620}.Debug|Any CPU.Build.0 = Debug|Any CPU
		{7C391663-8B57-45FE-9A75-9567D5CFB620}.Debug|x64.ActiveCfg = Debug|Any CPU
		{7C391663-8B57-45FE-9A75-9567D5CFB620}.Debug|x64.Build.0 = Debug|Any CPU
		{7C391663-8B57-45FE-9A75-9567D5CFB620}.Release|Any CPU.ActiveCfg = Release|Any CPU
		{7C391663-8B57-45FE-9A75-9567D5CFB620}.Release|Any CPU.Build.0 = Release|Any CPU
		{7C391663-8B57-45FE-9A75-9567D5CFB620}.Release|x64.ActiveCfg = Release|x64
		{7C391663-8B57-45FE-9A75-9567D5CFB620}.Release|x64.Build.0 = Release|x64
	EndGlobalSection
	GlobalSection(SolutionProperties) = preSolution
		HideSolutionNode = FALSE
	EndGlobalSection
	GlobalSection(ExtensibilityGlobals) = postSolution
		SolutionGuid = {7403C74D-C662-4F28-BBFA-CC79D61C5B58}
	EndGlobalSection
EndGlobal
